// !$*UTF8*$!
{
	archiveVersion = 1;
	classes = {
	};
	objectVersion = 56;
	objects = {

/* Begin PBXBuildFile section */
		8B1600522B3CDC6B00D3ECF6 /* OnAppearBootcamp.swift in Sources */ = {isa = PBXBuildFile; fileRef = 8B1600512B3CDC6B00D3ECF6 /* OnAppearBootcamp.swift */; };
		8B1600542B3CE35900D3ECF6 /* TabGestureBootcamp.swift in Sources */ = {isa = PBXBuildFile; fileRef = 8B1600532B3CE35900D3ECF6 /* TabGestureBootcamp.swift */; };
		8B1600562B3CF1F800D3ECF6 /* ModelBootcamp.swift in Sources */ = {isa = PBXBuildFile; fileRef = 8B1600552B3CF1F800D3ECF6 /* ModelBootcamp.swift */; };
		8B1600582B3D1BDC00D3ECF6 /* EscapingClosuresBootcamp.swift in Sources */ = {isa = PBXBuildFile; fileRef = 8B1600572B3D1BDC00D3ECF6 /* EscapingClosuresBootcamp.swift */; };
		8B16005A2B3D285E00D3ECF6 /* ViewModelBootcamp.swift in Sources */ = {isa = PBXBuildFile; fileRef = 8B1600592B3D285E00D3ECF6 /* ViewModelBootcamp.swift */; };
		8B990ECD2B3BF96900C5B238 /* TabViewBootcamp.swift in Sources */ = {isa = PBXBuildFile; fileRef = 8B990ECC2B3BF96900C5B238 /* TabViewBootcamp.swift */; };
		8BB8C7512B3BA7B10070D406 /* TextFieldBootcamp.swift in Sources */ = {isa = PBXBuildFile; fileRef = 8BB8C7502B3BA7B10070D406 /* TextFieldBootcamp.swift */; };
		8BB8C7532B3BAD240070D406 /* TextEditorBootcamp.swift in Sources */ = {isa = PBXBuildFile; fileRef = 8BB8C7522B3BAD240070D406 /* TextEditorBootcamp.swift */; };
		8BB8C7552B3BBB0D0070D406 /* PickerBootcamp.swift in Sources */ = {isa = PBXBuildFile; fileRef = 8BB8C7542B3BBB0D0070D406 /* PickerBootcamp.swift */; };
		8BB8C7572B3BBD400070D406 /* DatePickerBootcamp.swift in Sources */ = {isa = PBXBuildFile; fileRef = 8BB8C7562B3BBD400070D406 /* DatePickerBootcamp.swift */; };
		8BB8C7592B3BC2060070D406 /* StepperBootcamp.swift in Sources */ = {isa = PBXBuildFile; fileRef = 8BB8C7582B3BC2060070D406 /* StepperBootcamp.swift */; };
		8BB8C75B2B3BC5AA0070D406 /* SliderBootcamp.swift in Sources */ = {isa = PBXBuildFile; fileRef = 8BB8C75A2B3BC5AA0070D406 /* SliderBootcamp.swift */; };
		8BDE083C2B3A4731006DA75A /* SheetsBootcamp.swift in Sources */ = {isa = PBXBuildFile; fileRef = 8BDE083B2B3A4731006DA75A /* SheetsBootcamp.swift */; };
		8BDE083E2B3A4E2F006DA75A /* PopoverBootcamp.swift in Sources */ = {isa = PBXBuildFile; fileRef = 8BDE083D2B3A4E2F006DA75A /* PopoverBootcamp.swift */; };
		8BDE08402B3A55CE006DA75A /* NavigationViewBootcamp.swift in Sources */ = {isa = PBXBuildFile; fileRef = 8BDE083F2B3A55CE006DA75A /* NavigationViewBootcamp.swift */; };
		8BDE08422B3A5F71006DA75A /* ListBootcamp.swift in Sources */ = {isa = PBXBuildFile; fileRef = 8BDE08412B3A5F71006DA75A /* ListBootcamp.swift */; };
		8BDE08442B3A6DBA006DA75A /* AlertsBootcamp.swift in Sources */ = {isa = PBXBuildFile; fileRef = 8BDE08432B3A6DBA006DA75A /* AlertsBootcamp.swift */; };
		8BDE08462B3A70F9006DA75A /* ActionsSheet.swift in Sources */ = {isa = PBXBuildFile; fileRef = 8BDE08452B3A70F9006DA75A /* ActionsSheet.swift */; };
		8BF621962B3632F20020A5ED /* SwiftUI_BootcampApp.swift in Sources */ = {isa = PBXBuildFile; fileRef = 8BF621952B3632F20020A5ED /* SwiftUI_BootcampApp.swift */; };
		8BF621982B3632F20020A5ED /* ContentView.swift in Sources */ = {isa = PBXBuildFile; fileRef = 8BF621972B3632F20020A5ED /* ContentView.swift */; };
		8BF6219A2B3632F40020A5ED /* Assets.xcassets in Resources */ = {isa = PBXBuildFile; fileRef = 8BF621992B3632F40020A5ED /* Assets.xcassets */; };
		8BF6219D2B3632F40020A5ED /* Preview Assets.xcassets in Resources */ = {isa = PBXBuildFile; fileRef = 8BF6219C2B3632F40020A5ED /* Preview Assets.xcassets */; };
		8BF621A42B3638710020A5ED /* TextBootcamp.swift in Sources */ = {isa = PBXBuildFile; fileRef = 8BF621A32B3638710020A5ED /* TextBootcamp.swift */; };
		8BF621A62B363F2B0020A5ED /* ShapesBootcamp.swift in Sources */ = {isa = PBXBuildFile; fileRef = 8BF621A52B363F2B0020A5ED /* ShapesBootcamp.swift */; };
		8BF621A82B36583D0020A5ED /* ColorsBootcamp.swift in Sources */ = {isa = PBXBuildFile; fileRef = 8BF621A72B36583D0020A5ED /* ColorsBootcamp.swift */; };
		8BF621AA2B36614D0020A5ED /* GradientsBootcamp.swift in Sources */ = {isa = PBXBuildFile; fileRef = 8BF621A92B36614D0020A5ED /* GradientsBootcamp.swift */; };
		8BF621AC2B3665030020A5ED /* IconsBootcamp.swift in Sources */ = {isa = PBXBuildFile; fileRef = 8BF621AB2B3665030020A5ED /* IconsBootcamp.swift */; };
		8BF621AE2B366DD80020A5ED /* ImagesBootcamp.swift in Sources */ = {isa = PBXBuildFile; fileRef = 8BF621AD2B366DD80020A5ED /* ImagesBootcamp.swift */; };
		8BF621B02B3699790020A5ED /* FramesBootcamp.swift in Sources */ = {isa = PBXBuildFile; fileRef = 8BF621AF2B3699790020A5ED /* FramesBootcamp.swift */; };
		8BF621B22B36A5270020A5ED /* BackgroundsBootcamp.swift in Sources */ = {isa = PBXBuildFile; fileRef = 8BF621B12B36A5270020A5ED /* BackgroundsBootcamp.swift */; };
		8BF621B42B36A5F10020A5ED /* OverlaysBootcamp.swift in Sources */ = {isa = PBXBuildFile; fileRef = 8BF621B32B36A5F10020A5ED /* OverlaysBootcamp.swift */; };
		8BF621B62B36B1390020A5ED /* StacksBootcamp.swift in Sources */ = {isa = PBXBuildFile; fileRef = 8BF621B52B36B1390020A5ED /* StacksBootcamp.swift */; };
		8BF621B82B36B57D0020A5ED /* PaddingBootcamo.swift in Sources */ = {isa = PBXBuildFile; fileRef = 8BF621B72B36B57D0020A5ED /* PaddingBootcamo.swift */; };
		8BF621BA2B377B940020A5ED /* SpacerBootcamp.swift in Sources */ = {isa = PBXBuildFile; fileRef = 8BF621B92B377B940020A5ED /* SpacerBootcamp.swift */; };
		8BF621BC2B378B8D0020A5ED /* ForEachBootcamp.swift in Sources */ = {isa = PBXBuildFile; fileRef = 8BF621BB2B378B8D0020A5ED /* ForEachBootcamp.swift */; };
		8BF621BE2B37906D0020A5ED /* ScrollViewBootcamp.swift in Sources */ = {isa = PBXBuildFile; fileRef = 8BF621BD2B37906D0020A5ED /* ScrollViewBootcamp.swift */; };
		8BF621C02B37A5380020A5ED /* GridBootcamp.swift in Sources */ = {isa = PBXBuildFile; fileRef = 8BF621BF2B37A5380020A5ED /* GridBootcamp.swift */; };
		8BF621C22B37B5800020A5ED /* SafeAreaBootcamp.swift in Sources */ = {isa = PBXBuildFile; fileRef = 8BF621C12B37B5800020A5ED /* SafeAreaBootcamp.swift */; };
		8BF621C42B37B6EB0020A5ED /* ButtonsBootcamp.swift in Sources */ = {isa = PBXBuildFile; fileRef = 8BF621C32B37B6EB0020A5ED /* ButtonsBootcamp.swift */; };
		8BF621E72B38E22B0020A5ED /* AnimationBootcamp.swift in Sources */ = {isa = PBXBuildFile; fileRef = 8BF621E62B38E22B0020A5ED /* AnimationBootcamp.swift */; };
		8BF621E92B38FBE10020A5ED /* TransitionBootcamp.swift in Sources */ = {isa = PBXBuildFile; fileRef = 8BF621E82B38FBE10020A5ED /* TransitionBootcamp.swift */; };
/* End PBXBuildFile section */

/* Begin PBXFileReference section */
		8B1600512B3CDC6B00D3ECF6 /* OnAppearBootcamp.swift */ = {isa = PBXFileReference; lastKnownFileType = sourcecode.swift; path = OnAppearBootcamp.swift; sourceTree = "<group>"; };
		8B1600532B3CE35900D3ECF6 /* TabGestureBootcamp.swift */ = {isa = PBXFileReference; lastKnownFileType = sourcecode.swift; path = TabGestureBootcamp.swift; sourceTree = "<group>"; };
		8B1600552B3CF1F800D3ECF6 /* ModelBootcamp.swift */ = {isa = PBXFileReference; lastKnownFileType = sourcecode.swift; path = ModelBootcamp.swift; sourceTree = "<group>"; };
		8B1600572B3D1BDC00D3ECF6 /* EscapingClosuresBootcamp.swift */ = {isa = PBXFileReference; lastKnownFileType = sourcecode.swift; path = EscapingClosuresBootcamp.swift; sourceTree = "<group>"; };
		8B1600592B3D285E00D3ECF6 /* ViewModelBootcamp.swift */ = {isa = PBXFileReference; lastKnownFileType = sourcecode.swift; path = ViewModelBootcamp.swift; sourceTree = "<group>"; };
		8B990ECC2B3BF96900C5B238 /* TabViewBootcamp.swift */ = {isa = PBXFileReference; lastKnownFileType = sourcecode.swift; path = TabViewBootcamp.swift; sourceTree = "<group>"; };
		8BB8C7502B3BA7B10070D406 /* TextFieldBootcamp.swift */ = {isa = PBXFileReference; lastKnownFileType = sourcecode.swift; path = TextFieldBootcamp.swift; sourceTree = "<group>"; };
		8BB8C7522B3BAD240070D406 /* TextEditorBootcamp.swift */ = {isa = PBXFileReference; lastKnownFileType = sourcecode.swift; path = TextEditorBootcamp.swift; sourceTree = "<group>"; };
		8BB8C7542B3BBB0D0070D406 /* PickerBootcamp.swift */ = {isa = PBXFileReference; lastKnownFileType = sourcecode.swift; path = PickerBootcamp.swift; sourceTree = "<group>"; };
		8BB8C7562B3BBD400070D406 /* DatePickerBootcamp.swift */ = {isa = PBXFileReference; lastKnownFileType = sourcecode.swift; path = DatePickerBootcamp.swift; sourceTree = "<group>"; };
		8BB8C7582B3BC2060070D406 /* StepperBootcamp.swift */ = {isa = PBXFileReference; lastKnownFileType = sourcecode.swift; path = StepperBootcamp.swift; sourceTree = "<group>"; };
		8BB8C75A2B3BC5AA0070D406 /* SliderBootcamp.swift */ = {isa = PBXFileReference; lastKnownFileType = sourcecode.swift; path = SliderBootcamp.swift; sourceTree = "<group>"; };
		8BDE083B2B3A4731006DA75A /* SheetsBootcamp.swift */ = {isa = PBXFileReference; lastKnownFileType = sourcecode.swift; path = SheetsBootcamp.swift; sourceTree = "<group>"; };
		8BDE083D2B3A4E2F006DA75A /* PopoverBootcamp.swift */ = {isa = PBXFileReference; lastKnownFileType = sourcecode.swift; path = PopoverBootcamp.swift; sourceTree = "<group>"; };
		8BDE083F2B3A55CE006DA75A /* NavigationViewBootcamp.swift */ = {isa = PBXFileReference; lastKnownFileType = sourcecode.swift; path = NavigationViewBootcamp.swift; sourceTree = "<group>"; };
		8BDE08412B3A5F71006DA75A /* ListBootcamp.swift */ = {isa = PBXFileReference; lastKnownFileType = sourcecode.swift; path = ListBootcamp.swift; sourceTree = "<group>"; };
		8BDE08432B3A6DBA006DA75A /* AlertsBootcamp.swift */ = {isa = PBXFileReference; lastKnownFileType = sourcecode.swift; path = AlertsBootcamp.swift; sourceTree = "<group>"; };
		8BDE08452B3A70F9006DA75A /* ActionsSheet.swift */ = {isa = PBXFileReference; lastKnownFileType = sourcecode.swift; path = ActionsSheet.swift; sourceTree = "<group>"; };
		8BF621922B3632F20020A5ED /* SwiftUI Bootcamp.app */ = {isa = PBXFileReference; explicitFileType = wrapper.application; includeInIndex = 0; path = "SwiftUI Bootcamp.app"; sourceTree = BUILT_PRODUCTS_DIR; };
		8BF621952B3632F20020A5ED /* SwiftUI_BootcampApp.swift */ = {isa = PBXFileReference; lastKnownFileType = sourcecode.swift; path = SwiftUI_BootcampApp.swift; sourceTree = "<group>"; };
		8BF621972B3632F20020A5ED /* ContentView.swift */ = {isa = PBXFileReference; lastKnownFileType = sourcecode.swift; path = ContentView.swift; sourceTree = "<group>"; };
		8BF621992B3632F40020A5ED /* Assets.xcassets */ = {isa = PBXFileReference; lastKnownFileType = folder.assetcatalog; path = Assets.xcassets; sourceTree = "<group>"; };
		8BF6219C2B3632F40020A5ED /* Preview Assets.xcassets */ = {isa = PBXFileReference; lastKnownFileType = folder.assetcatalog; path = "Preview Assets.xcassets"; sourceTree = "<group>"; };
		8BF621A32B3638710020A5ED /* TextBootcamp.swift */ = {isa = PBXFileReference; lastKnownFileType = sourcecode.swift; path = TextBootcamp.swift; sourceTree = "<group>"; };
		8BF621A52B363F2B0020A5ED /* ShapesBootcamp.swift */ = {isa = PBXFileReference; lastKnownFileType = sourcecode.swift; path = ShapesBootcamp.swift; sourceTree = "<group>"; };
		8BF621A72B36583D0020A5ED /* ColorsBootcamp.swift */ = {isa = PBXFileReference; lastKnownFileType = sourcecode.swift; path = ColorsBootcamp.swift; sourceTree = "<group>"; };
		8BF621A92B36614D0020A5ED /* GradientsBootcamp.swift */ = {isa = PBXFileReference; lastKnownFileType = sourcecode.swift; path = GradientsBootcamp.swift; sourceTree = "<group>"; };
		8BF621AB2B3665030020A5ED /* IconsBootcamp.swift */ = {isa = PBXFileReference; lastKnownFileType = sourcecode.swift; path = IconsBootcamp.swift; sourceTree = "<group>"; };
		8BF621AD2B366DD80020A5ED /* ImagesBootcamp.swift */ = {isa = PBXFileReference; lastKnownFileType = sourcecode.swift; path = ImagesBootcamp.swift; sourceTree = "<group>"; };
		8BF621AF2B3699790020A5ED /* FramesBootcamp.swift */ = {isa = PBXFileReference; lastKnownFileType = sourcecode.swift; path = FramesBootcamp.swift; sourceTree = "<group>"; };
		8BF621B12B36A5270020A5ED /* BackgroundsBootcamp.swift */ = {isa = PBXFileReference; lastKnownFileType = sourcecode.swift; path = BackgroundsBootcamp.swift; sourceTree = "<group>"; };
		8BF621B32B36A5F10020A5ED /* OverlaysBootcamp.swift */ = {isa = PBXFileReference; lastKnownFileType = sourcecode.swift; path = OverlaysBootcamp.swift; sourceTree = "<group>"; };
		8BF621B52B36B1390020A5ED /* StacksBootcamp.swift */ = {isa = PBXFileReference; lastKnownFileType = sourcecode.swift; path = StacksBootcamp.swift; sourceTree = "<group>"; };
		8BF621B72B36B57D0020A5ED /* PaddingBootcamo.swift */ = {isa = PBXFileReference; lastKnownFileType = sourcecode.swift; path = PaddingBootcamo.swift; sourceTree = "<group>"; };
		8BF621B92B377B940020A5ED /* SpacerBootcamp.swift */ = {isa = PBXFileReference; lastKnownFileType = sourcecode.swift; path = SpacerBootcamp.swift; sourceTree = "<group>"; };
		8BF621BB2B378B8D0020A5ED /* ForEachBootcamp.swift */ = {isa = PBXFileReference; lastKnownFileType = sourcecode.swift; path = ForEachBootcamp.swift; sourceTree = "<group>"; };
		8BF621BD2B37906D0020A5ED /* ScrollViewBootcamp.swift */ = {isa = PBXFileReference; lastKnownFileType = sourcecode.swift; path = ScrollViewBootcamp.swift; sourceTree = "<group>"; };
		8BF621BF2B37A5380020A5ED /* GridBootcamp.swift */ = {isa = PBXFileReference; lastKnownFileType = sourcecode.swift; path = GridBootcamp.swift; sourceTree = "<group>"; };
		8BF621C12B37B5800020A5ED /* SafeAreaBootcamp.swift */ = {isa = PBXFileReference; lastKnownFileType = sourcecode.swift; path = SafeAreaBootcamp.swift; sourceTree = "<group>"; };
		8BF621C32B37B6EB0020A5ED /* ButtonsBootcamp.swift */ = {isa = PBXFileReference; lastKnownFileType = sourcecode.swift; path = ButtonsBootcamp.swift; sourceTree = "<group>"; };
		8BF621E62B38E22B0020A5ED /* AnimationBootcamp.swift */ = {isa = PBXFileReference; lastKnownFileType = sourcecode.swift; path = AnimationBootcamp.swift; sourceTree = "<group>"; };
		8BF621E82B38FBE10020A5ED /* TransitionBootcamp.swift */ = {isa = PBXFileReference; lastKnownFileType = sourcecode.swift; path = TransitionBootcamp.swift; sourceTree = "<group>"; };
/* End PBXFileReference section */

/* Begin PBXFrameworksBuildPhase section */
		8BF6218F2B3632F20020A5ED /* Frameworks */ = {
			isa = PBXFrameworksBuildPhase;
			buildActionMask = 2147483647;
			files = (
			);
			runOnlyForDeploymentPostprocessing = 0;
		};
/* End PBXFrameworksBuildPhase section */

/* Begin PBXGroup section */
		8BF621892B3632F20020A5ED = {
			isa = PBXGroup;
			children = (
				8BF621942B3632F20020A5ED /* SwiftUI Bootcamp */,
				8BF621932B3632F20020A5ED /* Products */,
			);
			sourceTree = "<group>";
		};
		8BF621932B3632F20020A5ED /* Products */ = {
			isa = PBXGroup;
			children = (
				8BF621922B3632F20020A5ED /* SwiftUI Bootcamp.app */,
			);
			name = Products;
			sourceTree = "<group>";
		};
		8BF621942B3632F20020A5ED /* SwiftUI Bootcamp */ = {
			isa = PBXGroup;
			children = (
				8BF621952B3632F20020A5ED /* SwiftUI_BootcampApp.swift */,
				8BF621972B3632F20020A5ED /* ContentView.swift */,
				8BF621A32B3638710020A5ED /* TextBootcamp.swift */,
				8BF621A52B363F2B0020A5ED /* ShapesBootcamp.swift */,
				8BF621A72B36583D0020A5ED /* ColorsBootcamp.swift */,
				8BF621A92B36614D0020A5ED /* GradientsBootcamp.swift */,
				8BF621AB2B3665030020A5ED /* IconsBootcamp.swift */,
				8BF621AD2B366DD80020A5ED /* ImagesBootcamp.swift */,
				8BF621AF2B3699790020A5ED /* FramesBootcamp.swift */,
				8BF621B12B36A5270020A5ED /* BackgroundsBootcamp.swift */,
				8BF621B32B36A5F10020A5ED /* OverlaysBootcamp.swift */,
				8BF621B72B36B57D0020A5ED /* PaddingBootcamo.swift */,
				8BF621B52B36B1390020A5ED /* StacksBootcamp.swift */,
				8BF621B92B377B940020A5ED /* SpacerBootcamp.swift */,
				8BF621BB2B378B8D0020A5ED /* ForEachBootcamp.swift */,
				8BF621BD2B37906D0020A5ED /* ScrollViewBootcamp.swift */,
				8BF621C12B37B5800020A5ED /* SafeAreaBootcamp.swift */,
				8BF621BF2B37A5380020A5ED /* GridBootcamp.swift */,
				8BF621C32B37B6EB0020A5ED /* ButtonsBootcamp.swift */,
				8BF621E62B38E22B0020A5ED /* AnimationBootcamp.swift */,
				8BF621E82B38FBE10020A5ED /* TransitionBootcamp.swift */,
				8BDE083B2B3A4731006DA75A /* SheetsBootcamp.swift */,
				8BDE083D2B3A4E2F006DA75A /* PopoverBootcamp.swift */,
				8BDE083F2B3A55CE006DA75A /* NavigationViewBootcamp.swift */,
				8BDE08412B3A5F71006DA75A /* ListBootcamp.swift */,
				8BDE08432B3A6DBA006DA75A /* AlertsBootcamp.swift */,
				8BDE08452B3A70F9006DA75A /* ActionsSheet.swift */,
				8BB8C7502B3BA7B10070D406 /* TextFieldBootcamp.swift */,
				8BB8C7522B3BAD240070D406 /* TextEditorBootcamp.swift */,
				8BB8C7542B3BBB0D0070D406 /* PickerBootcamp.swift */,
				8BB8C7562B3BBD400070D406 /* DatePickerBootcamp.swift */,
				8BB8C7582B3BC2060070D406 /* StepperBootcamp.swift */,
				8BB8C75A2B3BC5AA0070D406 /* SliderBootcamp.swift */,
				8B990ECC2B3BF96900C5B238 /* TabViewBootcamp.swift */,
				8B1600512B3CDC6B00D3ECF6 /* OnAppearBootcamp.swift */,
				8B1600532B3CE35900D3ECF6 /* TabGestureBootcamp.swift */,
				8B1600552B3CF1F800D3ECF6 /* ModelBootcamp.swift */,
				8B1600572B3D1BDC00D3ECF6 /* EscapingClosuresBootcamp.swift */,
				8B1600592B3D285E00D3ECF6 /* ViewModelBootcamp.swift */,
				8BF621992B3632F40020A5ED /* Assets.xcassets */,
				8BF6219B2B3632F40020A5ED /* Preview Content */,
			);
			path = "SwiftUI Bootcamp";
			sourceTree = "<group>";
		};
		8BF6219B2B3632F40020A5ED /* Preview Content */ = {
			isa = PBXGroup;
			children = (
				8BF6219C2B3632F40020A5ED /* Preview Assets.xcassets */,
			);
			path = "Preview Content";
			sourceTree = "<group>";
		};
/* End PBXGroup section */

/* Begin PBXNativeTarget section */
		8BF621912B3632F20020A5ED /* SwiftUI Bootcamp */ = {
			isa = PBXNativeTarget;
			buildConfigurationList = 8BF621A02B3632F40020A5ED /* Build configuration list for PBXNativeTarget "SwiftUI Bootcamp" */;
			buildPhases = (
				8BF6218E2B3632F20020A5ED /* Sources */,
				8BF6218F2B3632F20020A5ED /* Frameworks */,
				8BF621902B3632F20020A5ED /* Resources */,
			);
			buildRules = (
			);
			dependencies = (
			);
			name = "SwiftUI Bootcamp";
			productName = "SwiftUI Bootcamp";
			productReference = 8BF621922B3632F20020A5ED /* SwiftUI Bootcamp.app */;
			productType = "com.apple.product-type.application";
		};
/* End PBXNativeTarget section */

/* Begin PBXProject section */
		8BF6218A2B3632F20020A5ED /* Project object */ = {
			isa = PBXProject;
			attributes = {
				BuildIndependentTargetsInParallel = 1;
				LastSwiftUpdateCheck = 1500;
				LastUpgradeCheck = 1500;
				TargetAttributes = {
					8BF621912B3632F20020A5ED = {
						CreatedOnToolsVersion = 15.0.1;
					};
				};
			};
			buildConfigurationList = 8BF6218D2B3632F20020A5ED /* Build configuration list for PBXProject "SwiftUI Bootcamp" */;
			compatibilityVersion = "Xcode 14.0";
			developmentRegion = en;
			hasScannedForEncodings = 0;
			knownRegions = (
				en,
				Base,
			);
			mainGroup = 8BF621892B3632F20020A5ED;
			productRefGroup = 8BF621932B3632F20020A5ED /* Products */;
			projectDirPath = "";
			projectRoot = "";
			targets = (
				8BF621912B3632F20020A5ED /* SwiftUI Bootcamp */,
			);
		};
/* End PBXProject section */

/* Begin PBXResourcesBuildPhase section */
		8BF621902B3632F20020A5ED /* Resources */ = {
			isa = PBXResourcesBuildPhase;
			buildActionMask = 2147483647;
			files = (
				8BF6219D2B3632F40020A5ED /* Preview Assets.xcassets in Resources */,
				8BF6219A2B3632F40020A5ED /* Assets.xcassets in Resources */,
			);
			runOnlyForDeploymentPostprocessing = 0;
		};
/* End PBXResourcesBuildPhase section */

/* Begin PBXSourcesBuildPhase section */
		8BF6218E2B3632F20020A5ED /* Sources */ = {
			isa = PBXSourcesBuildPhase;
			buildActionMask = 2147483647;
			files = (
				8BB8C7512B3BA7B10070D406 /* TextFieldBootcamp.swift in Sources */,
				8B16005A2B3D285E00D3ECF6 /* ViewModelBootcamp.swift in Sources */,
				8BB8C7572B3BBD400070D406 /* DatePickerBootcamp.swift in Sources */,
				8BDE08462B3A70F9006DA75A /* ActionsSheet.swift in Sources */,
				8BF621AA2B36614D0020A5ED /* GradientsBootcamp.swift in Sources */,
				8BF621A82B36583D0020A5ED /* ColorsBootcamp.swift in Sources */,
				8BB8C7552B3BBB0D0070D406 /* PickerBootcamp.swift in Sources */,
				8B1600542B3CE35900D3ECF6 /* TabGestureBootcamp.swift in Sources */,
				8BF621BE2B37906D0020A5ED /* ScrollViewBootcamp.swift in Sources */,
				8BDE08442B3A6DBA006DA75A /* AlertsBootcamp.swift in Sources */,
				8B1600562B3CF1F800D3ECF6 /* ModelBootcamp.swift in Sources */,
				8B1600582B3D1BDC00D3ECF6 /* EscapingClosuresBootcamp.swift in Sources */,
				8BB8C7592B3BC2060070D406 /* StepperBootcamp.swift in Sources */,
				8BB8C75B2B3BC5AA0070D406 /* SliderBootcamp.swift in Sources */,
				8BF621E72B38E22B0020A5ED /* AnimationBootcamp.swift in Sources */,
				8B990ECD2B3BF96900C5B238 /* TabViewBootcamp.swift in Sources */,
				8BF621AE2B366DD80020A5ED /* ImagesBootcamp.swift in Sources */,
				8BF621B02B3699790020A5ED /* FramesBootcamp.swift in Sources */,
				8BF621E92B38FBE10020A5ED /* TransitionBootcamp.swift in Sources */,
				8BF621BA2B377B940020A5ED /* SpacerBootcamp.swift in Sources */,
				8BF621B22B36A5270020A5ED /* BackgroundsBootcamp.swift in Sources */,
				8BF621B42B36A5F10020A5ED /* OverlaysBootcamp.swift in Sources */,
				8BDE083C2B3A4731006DA75A /* SheetsBootcamp.swift in Sources */,
				8BB8C7532B3BAD240070D406 /* TextEditorBootcamp.swift in Sources */,
				8BF621C42B37B6EB0020A5ED /* ButtonsBootcamp.swift in Sources */,
				8BF621C22B37B5800020A5ED /* SafeAreaBootcamp.swift in Sources */,
				8BF621A62B363F2B0020A5ED /* ShapesBootcamp.swift in Sources */,
				8BF621BC2B378B8D0020A5ED /* ForEachBootcamp.swift in Sources */,
				8BDE08422B3A5F71006DA75A /* ListBootcamp.swift in Sources */,
				8BF621982B3632F20020A5ED /* ContentView.swift in Sources */,
				8BF621A42B3638710020A5ED /* TextBootcamp.swift in Sources */,
				8BF621B62B36B1390020A5ED /* StacksBootcamp.swift in Sources */,
				8B1600522B3CDC6B00D3ECF6 /* OnAppearBootcamp.swift in Sources */,
				8BF621962B3632F20020A5ED /* SwiftUI_BootcampApp.swift in Sources */,
				8BF621C02B37A5380020A5ED /* GridBootcamp.swift in Sources */,
				8BF621B82B36B57D0020A5ED /* PaddingBootcamo.swift in Sources */,
				8BF621AC2B3665030020A5ED /* IconsBootcamp.swift in Sources */,
				8BDE083E2B3A4E2F006DA75A /* PopoverBootcamp.swift in Sources */,
				8BDE08402B3A55CE006DA75A /* NavigationViewBootcamp.swift in Sources */,
			);
			runOnlyForDeploymentPostprocessing = 0;
		};
/* End PBXSourcesBuildPhase section */

/* Begin XCBuildConfiguration section */
		8BF6219E2B3632F40020A5ED /* Debug */ = {
			isa = XCBuildConfiguration;
			buildSettings = {
				ALWAYS_SEARCH_USER_PATHS = NO;
				ASSETCATALOG_COMPILER_GENERATE_SWIFT_ASSET_SYMBOL_EXTENSIONS = YES;
				CLANG_ANALYZER_NONNULL = YES;
				CLANG_ANALYZER_NUMBER_OBJECT_CONVERSION = YES_AGGRESSIVE;
				CLANG_CXX_LANGUAGE_STANDARD = "gnu++20";
				CLANG_ENABLE_MODULES = YES;
				CLANG_ENABLE_OBJC_ARC = YES;
				CLANG_ENABLE_OBJC_WEAK = YES;
				CLANG_WARN_BLOCK_CAPTURE_AUTORELEASING = YES;
				CLANG_WARN_BOOL_CONVERSION = YES;
				CLANG_WARN_COMMA = YES;
				CLANG_WARN_CONSTANT_CONVERSION = YES;
				CLANG_WARN_DEPRECATED_OBJC_IMPLEMENTATIONS = YES;
				CLANG_WARN_DIRECT_OBJC_ISA_USAGE = YES_ERROR;
				CLANG_WARN_DOCUMENTATION_COMMENTS = YES;
				CLANG_WARN_EMPTY_BODY = YES;
				CLANG_WARN_ENUM_CONVERSION = YES;
				CLANG_WARN_INFINITE_RECURSION = YES;
				CLANG_WARN_INT_CONVERSION = YES;
				CLANG_WARN_NON_LITERAL_NULL_CONVERSION = YES;
				CLANG_WARN_OBJC_IMPLICIT_RETAIN_SELF = YES;
				CLANG_WARN_OBJC_LITERAL_CONVERSION = YES;
				CLANG_WARN_OBJC_ROOT_CLASS = YES_ERROR;
				CLANG_WARN_QUOTED_INCLUDE_IN_FRAMEWORK_HEADER = YES;
				CLANG_WARN_RANGE_LOOP_ANALYSIS = YES;
				CLANG_WARN_STRICT_PROTOTYPES = YES;
				CLANG_WARN_SUSPICIOUS_MOVE = YES;
				CLANG_WARN_UNGUARDED_AVAILABILITY = YES_AGGRESSIVE;
				CLANG_WARN_UNREACHABLE_CODE = YES;
				CLANG_WARN__DUPLICATE_METHOD_MATCH = YES;
				COPY_PHASE_STRIP = NO;
				DEBUG_INFORMATION_FORMAT = dwarf;
				ENABLE_STRICT_OBJC_MSGSEND = YES;
				ENABLE_TESTABILITY = YES;
				ENABLE_USER_SCRIPT_SANDBOXING = YES;
				GCC_C_LANGUAGE_STANDARD = gnu17;
				GCC_DYNAMIC_NO_PIC = NO;
				GCC_NO_COMMON_BLOCKS = YES;
				GCC_OPTIMIZATION_LEVEL = 0;
				GCC_PREPROCESSOR_DEFINITIONS = (
					"DEBUG=1",
					"$(inherited)",
				);
				GCC_WARN_64_TO_32_BIT_CONVERSION = YES;
				GCC_WARN_ABOUT_RETURN_TYPE = YES_ERROR;
				GCC_WARN_UNDECLARED_SELECTOR = YES;
				GCC_WARN_UNINITIALIZED_AUTOS = YES_AGGRESSIVE;
				GCC_WARN_UNUSED_FUNCTION = YES;
				GCC_WARN_UNUSED_VARIABLE = YES;
				IPHONEOS_DEPLOYMENT_TARGET = 17.0;
				LOCALIZATION_PREFERS_STRING_CATALOGS = YES;
				MTL_ENABLE_DEBUG_INFO = INCLUDE_SOURCE;
				MTL_FAST_MATH = YES;
				ONLY_ACTIVE_ARCH = YES;
				SDKROOT = iphoneos;
				SWIFT_ACTIVE_COMPILATION_CONDITIONS = "DEBUG $(inherited)";
				SWIFT_OPTIMIZATION_LEVEL = "-Onone";
			};
			name = Debug;
		};
		8BF6219F2B3632F40020A5ED /* Release */ = {
			isa = XCBuildConfiguration;
			buildSettings = {
				ALWAYS_SEARCH_USER_PATHS = NO;
				ASSETCATALOG_COMPILER_GENERATE_SWIFT_ASSET_SYMBOL_EXTENSIONS = YES;
				CLANG_ANALYZER_NONNULL = YES;
				CLANG_ANALYZER_NUMBER_OBJECT_CONVERSION = YES_AGGRESSIVE;
				CLANG_CXX_LANGUAGE_STANDARD = "gnu++20";
				CLANG_ENABLE_MODULES = YES;
				CLANG_ENABLE_OBJC_ARC = YES;
				CLANG_ENABLE_OBJC_WEAK = YES;
				CLANG_WARN_BLOCK_CAPTURE_AUTORELEASING = YES;
				CLANG_WARN_BOOL_CONVERSION = YES;
				CLANG_WARN_COMMA = YES;
				CLANG_WARN_CONSTANT_CONVERSION = YES;
				CLANG_WARN_DEPRECATED_OBJC_IMPLEMENTATIONS = YES;
				CLANG_WARN_DIRECT_OBJC_ISA_USAGE = YES_ERROR;
				CLANG_WARN_DOCUMENTATION_COMMENTS = YES;
				CLANG_WARN_EMPTY_BODY = YES;
				CLANG_WARN_ENUM_CONVERSION = YES;
				CLANG_WARN_INFINITE_RECURSION = YES;
				CLANG_WARN_INT_CONVERSION = YES;
				CLANG_WARN_NON_LITERAL_NULL_CONVERSION = YES;
				CLANG_WARN_OBJC_IMPLICIT_RETAIN_SELF = YES;
				CLANG_WARN_OBJC_LITERAL_CONVERSION = YES;
				CLANG_WARN_OBJC_ROOT_CLASS = YES_ERROR;
				CLANG_WARN_QUOTED_INCLUDE_IN_FRAMEWORK_HEADER = YES;
				CLANG_WARN_RANGE_LOOP_ANALYSIS = YES;
				CLANG_WARN_STRICT_PROTOTYPES = YES;
				CLANG_WARN_SUSPICIOUS_MOVE = YES;
				CLANG_WARN_UNGUARDED_AVAILABILITY = YES_AGGRESSIVE;
				CLANG_WARN_UNREACHABLE_CODE = YES;
				CLANG_WARN__DUPLICATE_METHOD_MATCH = YES;
				COPY_PHASE_STRIP = NO;
				DEBUG_INFORMATION_FORMAT = "dwarf-with-dsym";
				ENABLE_NS_ASSERTIONS = NO;
				ENABLE_STRICT_OBJC_MSGSEND = YES;
				ENABLE_USER_SCRIPT_SANDBOXING = YES;
				GCC_C_LANGUAGE_STANDARD = gnu17;
				GCC_NO_COMMON_BLOCKS = YES;
				GCC_WARN_64_TO_32_BIT_CONVERSION = YES;
				GCC_WARN_ABOUT_RETURN_TYPE = YES_ERROR;
				GCC_WARN_UNDECLARED_SELECTOR = YES;
				GCC_WARN_UNINITIALIZED_AUTOS = YES_AGGRESSIVE;
				GCC_WARN_UNUSED_FUNCTION = YES;
				GCC_WARN_UNUSED_VARIABLE = YES;
				IPHONEOS_DEPLOYMENT_TARGET = 17.0;
				LOCALIZATION_PREFERS_STRING_CATALOGS = YES;
				MTL_ENABLE_DEBUG_INFO = NO;
				MTL_FAST_MATH = YES;
				SDKROOT = iphoneos;
				SWIFT_COMPILATION_MODE = wholemodule;
				VALIDATE_PRODUCT = YES;
			};
			name = Release;
		};
		8BF621A12B3632F40020A5ED /* Debug */ = {
			isa = XCBuildConfiguration;
			buildSettings = {
				ASSETCATALOG_COMPILER_APPICON_NAME = AppIcon;
				ASSETCATALOG_COMPILER_GLOBAL_ACCENT_COLOR_NAME = AccentColor;
				CODE_SIGN_STYLE = Automatic;
				CURRENT_PROJECT_VERSION = 1;
				DEVELOPMENT_ASSET_PATHS = "\"SwiftUI Bootcamp/Preview Content\"";
				DEVELOPMENT_TEAM = 75W46TW7GG;
				ENABLE_PREVIEWS = YES;
				GENERATE_INFOPLIST_FILE = YES;
				INFOPLIST_KEY_UIApplicationSceneManifest_Generation = YES;
				INFOPLIST_KEY_UIApplicationSupportsIndirectInputEvents = YES;
				INFOPLIST_KEY_UILaunchScreen_Generation = YES;
				INFOPLIST_KEY_UISupportedInterfaceOrientations_iPad = "UIInterfaceOrientationPortrait UIInterfaceOrientationPortraitUpsideDown UIInterfaceOrientationLandscapeLeft UIInterfaceOrientationLandscapeRight";
				INFOPLIST_KEY_UISupportedInterfaceOrientations_iPhone = "UIInterfaceOrientationPortrait UIInterfaceOrientationLandscapeLeft UIInterfaceOrientationLandscapeRight";
				LD_RUNPATH_SEARCH_PATHS = (
					"$(inherited)",
					"@executable_path/Frameworks",
				);
				MARKETING_VERSION = 1.0;
				PRODUCT_BUNDLE_IDENTIFIER = "com.Medhat.SwiftUI-Bootcamp";
				PRODUCT_NAME = "$(TARGET_NAME)";
				SWIFT_EMIT_LOC_STRINGS = YES;
				SWIFT_VERSION = 5.0;
				TARGETED_DEVICE_FAMILY = "1,2";
			};
			name = Debug;
		};
		8BF621A22B3632F40020A5ED /* Release */ = {
			isa = XCBuildConfiguration;
			buildSettings = {
				ASSETCATALOG_COMPILER_APPICON_NAME = AppIcon;
				ASSETCATALOG_COMPILER_GLOBAL_ACCENT_COLOR_NAME = AccentColor;
				CODE_SIGN_STYLE = Automatic;
				CURRENT_PROJECT_VERSION = 1;
				DEVELOPMENT_ASSET_PATHS = "\"SwiftUI Bootcamp/Preview Content\"";
				DEVELOPMENT_TEAM = 75W46TW7GG;
				ENABLE_PREVIEWS = YES;
				GENERATE_INFOPLIST_FILE = YES;
				INFOPLIST_KEY_UIApplicationSceneManifest_Generation = YES;
				INFOPLIST_KEY_UIApplicationSupportsIndirectInputEvents = YES;
				INFOPLIST_KEY_UILaunchScreen_Generation = YES;
				INFOPLIST_KEY_UISupportedInterfaceOrientations_iPad = "UIInterfaceOrientationPortrait UIInterfaceOrientationPortraitUpsideDown UIInterfaceOrientationLandscapeLeft UIInterfaceOrientationLandscapeRight";
				INFOPLIST_KEY_UISupportedInterfaceOrientations_iPhone = "UIInterfaceOrientationPortrait UIInterfaceOrientationLandscapeLeft UIInterfaceOrientationLandscapeRight";
				LD_RUNPATH_SEARCH_PATHS = (
					"$(inherited)",
					"@executable_path/Frameworks",
				);
				MARKETING_VERSION = 1.0;
				PRODUCT_BUNDLE_IDENTIFIER = "com.Medhat.SwiftUI-Bootcamp";
				PRODUCT_NAME = "$(TARGET_NAME)";
				SWIFT_EMIT_LOC_STRINGS = YES;
				SWIFT_VERSION = 5.0;
				TARGETED_DEVICE_FAMILY = "1,2";
			};
			name = Release;
		};
/* End XCBuildConfiguration section */

/* Begin XCConfigurationList section */
		8BF6218D2B3632F20020A5ED /* Build configuration list for PBXProject "SwiftUI Bootcamp" */ = {
			isa = XCConfigurationList;
			buildConfigurations = (
				8BF6219E2B3632F40020A5ED /* Debug */,
				8BF6219F2B3632F40020A5ED /* Release */,
			);
			defaultConfigurationIsVisible = 0;
			defaultConfigurationName = Release;
		};
		8BF621A02B3632F40020A5ED /* Build configuration list for PBXNativeTarget "SwiftUI Bootcamp" */ = {
			isa = XCConfigurationList;
			buildConfigurations = (
				8BF621A12B3632F40020A5ED /* Debug */,
				8BF621A22B3632F40020A5ED /* Release */,
			);
			defaultConfigurationIsVisible = 0;
			defaultConfigurationName = Release;
		};
/* End XCConfigurationList section */
	};
	rootObject = 8BF6218A2B3632F20020A5ED /* Project object */;
}
